
Microsoft Visual Studio Solution File, Format Version 12.00
# Visual Studio Version 17
VisualStudioVersion = 17.9.34622.214
MinimumVisualStudioVersion = 10.0.40219.1
Project("{9A19103F-16F7-4668-BE54-9A1E7A4F7556}") = "KitapAtolyesi", "KitapAtolyesi\KitapAtolyesi.csproj", "{13F68EE2-8E8F-4BF0-9D16-08B53E50E052}"
EndProject
Project("{FAE04EC0-301F-11D3-BF4B-00C04F79EFBC}") = "DataAccess", "DataAccess\DataAccess.csproj", "{CDDFDE9A-6D72-47FF-984C-0D7D8B704087}"
EndProject
Project("{FAE04EC0-301F-11D3-BF4B-00C04F79EFBC}") = "Entity", "Entity\Entity.csproj", "{8D90057E-0CFA-41E6-8485-1A735EC4B1D4}"
EndProject
Project("{FAE04EC0-301F-11D3-BF4B-00C04F79EFBC}") = "Service", "Service\Service.csproj", "{7E6155D1-2FFC-4E67-86FF-5FBD557D5C65}"
EndProject
Project("{FAE04EC0-301F-11D3-BF4B-00C04F79EFBC}") = "Core", "Core\Core.csproj", "{FCB98C3A-8DA7-401C-8B22-3DDB8D0E5FA0}"
EndProject
Global
	GlobalSection(SolutionConfigurationPlatforms) = preSolution
		Debug|Any CPU = Debug|Any CPU
		Release|Any CPU = Release|Any CPU
	EndGlobalSection
	GlobalSection(ProjectConfigurationPlatforms) = postSolution
		{13F68EE2-8E8F-4BF0-9D16-08B53E50E052}.Debug|Any CPU.ActiveCfg = Debug|Any CPU
		{13F68EE2-8E8F-4BF0-9D16-08B53E50E052}.Debug|Any CPU.Build.0 = Debug|Any CPU
		{13F68EE2-8E8F-4BF0-9D16-08B53E50E052}.Release|Any CPU.ActiveCfg = Release|Any CPU
		{13F68EE2-8E8F-4BF0-9D16-08B53E50E052}.Release|Any CPU.Build.0 = Release|Any CPU
		{CDDFDE9A-6D72-47FF-984C-0D7D8B704087}.Debug|Any CPU.ActiveCfg = Debug|Any CPU
		{CDDFDE9A-6D72-47FF-984C-0D7D8B704087}.Debug|Any CPU.Build.0 = Debug|Any CPU
		{CDDFDE9A-6D72-47FF-984C-0D7D8B704087}.Release|Any CPU.ActiveCfg = Release|Any CPU
		{CDDFDE9A-6D72-47FF-984C-0D7D8B704087}.Release|Any CPU.Build.0 = Release|Any CPU
		{8D90057E-0CFA-41E6-8485-1A735EC4B1D4}.Debug|Any CPU.ActiveCfg = Debug|Any CPU
		{8D90057E-0CFA-41E6-8485-1A735EC4B1D4}.Debug|Any CPU.Build.0 = Debug|Any CPU
		{8D90057E-0CFA-41E6-8485-1A735EC4B1D4}.Release|Any CPU.ActiveCfg = Release|Any CPU
		{8D90057E-0CFA-41E6-8485-1A735EC4B1D4}.Release|Any CPU.Build.0 = Release|Any CPU
		{7E6155D1-2FFC-4E67-86FF-5FBD557D5C65}.Debug|Any CPU.ActiveCfg = Debug|Any CPU
		{7E6155D1-2FFC-4E67-86FF-5FBD557D5C65}.Debug|Any CPU.Build.0 = Debug|Any CPU
		{7E6155D1-2FFC-4E67-86FF-5FBD557D5C65}.Release|Any CPU.ActiveCfg = Release|Any CPU
		{7E6155D1-2FFC-4E67-86FF-5FBD557D5C65}.Release|Any CPU.Build.0 = Release|Any CPU
		{FCB98C3A-8DA7-401C-8B22-3DDB8D0E5FA0}.Debug|Any CPU.ActiveCfg = Debug|Any CPU
		{FCB98C3A-8DA7-401C-8B22-3DDB8D0E5FA0}.Debug|Any CPU.Build.0 = Debug|Any CPU
		{FCB98C3A-8DA7-401C-8B22-3DDB8D0E5FA0}.Release|Any CPU.ActiveCfg = Release|Any CPU
		{FCB98C3A-8DA7-401C-8B22-3DDB8D0E5FA0}.Release|Any CPU.Build.0 = Release|Any CPU
	EndGlobalSection
	GlobalSection(SolutionProperties) = preSolution
		HideSolutionNode = FALSE
	EndGlobalSection
	GlobalSection(ExtensibilityGlobals) = postSolution
		SolutionGuid = {8B61F225-9E64-433C-BF1C-52A64D7C036F}
	EndGlobalSection
EndGlobal
